
Microsoft Visual Studio Solution File, Format Version 12.00
Project("{FAE04EC0-301F-11D3-BF4B-00C04F79EFBC}") = "ConsoleAppRogueLike", "ConsoleAppRogueLike\ConsoleAppRogueLike.csproj", "{2A37D4FA-C095-408E-B78A-B119E927D4AB}"
EndProject
Global
	GlobalSection(SolutionConfigurationPlatforms) = preSolution
		Debug|Any CPU = Debug|Any CPU
		Release|Any CPU = Release|Any CPU
	EndGlobalSection
	GlobalSection(ProjectConfigurationPlatforms) = postSolution
		{2A37D4FA-C095-408E-B78A-B119E927D4AB}.Debug|Any CPU.ActiveCfg = Debug|Any CPU
		{2A37D4FA-C095-408E-B78A-B119E927D4AB}.Debug|Any CPU.Build.0 = Debug|Any CPU
		{2A37D4FA-C095-408E-B78A-B119E927D4AB}.Release|Any CPU.ActiveCfg = Release|Any CPU
		{2A37D4FA-C095-408E-B78A-B119E927D4AB}.Release|Any CPU.Build.0 = Release|Any CPU
	EndGlobalSection
EndGlobal
